
Microsoft Visual Studio Solution File, Format Version 12.00
# Visual Studio 15
VisualStudioVersion = 15.0.28307.902
MinimumVisualStudioVersion = 10.0.40219.1
Project("{8BC9CEB8-8B4A-11D0-8D11-00A0C91BC942}") = "Movie", "Movie\Movie.vcxproj", "{446CC892-FD00-4775-B050-F86B0FC8CB29}"
EndProject
Global
	GlobalSection(SolutionConfigurationPlatforms) = preSolution
		Debug|x64 = Debug|x64
		Debug|x86 = Debug|x86
		Release|x64 = Release|x64
		Release|x86 = Release|x86
	EndGlobalSection
	GlobalSection(ProjectConfigurationPlatforms) = postSolution
		{446CC892-FD00-4775-B050-F86B0FC8CB29}.Debug|x64.ActiveCfg = Debug|x64
		{446CC892-FD00-4775-B050-F86B0FC8CB29}.Debug|x64.Build.0 = Debug|x64
		{446CC892-FD00-4775-B050-F86B0FC8CB29}.Debug|x86.ActiveCfg = Debug|Win32
		{446CC892-FD00-4775-B050-F86B0FC8CB29}.Debug|x86.Build.0 = Debug|Win32
		{446CC892-FD00-4775-B050-F86B0FC8CB29}.Release|x64.ActiveCfg = Release|x64
		{446CC892-FD00-4775-B050-F86B0FC8CB29}.Release|x64.Build.0 = Release|x64
		{446CC892-FD00-4775-B050-F86B0FC8CB29}.Release|x86.ActiveCfg = Release|Win32
		{446CC892-FD00-4775-B050-F86B0FC8CB29}.Release|x86.Build.0 = Release|Win32
	EndGlobalSection
	GlobalSection(SolutionProperties) = preSolution
		HideSolutionNode = FALSE
	EndGlobalSection
	GlobalSection(ExtensibilityGlobals) = postSolution
		SolutionGuid = {0514417C-9134-4B07-B37D-7E387C59A211}
	EndGlobalSection
EndGlobal
